{
  "name": "personal-portfolio-sunday",
  "version": "1.0.0",
  "lockfileVersion": 2,
  "requires": true,
  "packages": {
    "": {
      "name": "personal-portfolio-sunday",
      "version": "1.0.0",
      "license": "ISC",
      "dependencies": {
        "@dogstudio/highway": "^2.2.1",
        "gsap": "^3.11.3",
        "swiper": "^8.4.3"
      }
    },
    "node_modules/@dogstudio/highway": {
      "version": "2.2.1",
      "resolved": "https://registry.npmjs.org/@dogstudio/highway/-/highway-2.2.1.tgz",
      "integrity": "sha512-/03I5fib34y22VGjYFy2y1U0LHPlodH/Ua+YHil6CRf1tcD8uCIHvSH2s2B9rc2I9hjEPTC9I3VfYBIYKiXLAg==",
      "dependencies": {
        "tiny-emitter": "^2.1.0"
      }
    },
    "node_modules/dom7": {
      "version": "4.0.4",
      "resolved": "https://registry.npmjs.org/dom7/-/dom7-4.0.4.tgz",
      "integrity": "sha512-DSSgBzQ4rJWQp1u6o+3FVwMNnT5bzQbMb+o31TjYYeRi05uAcpF8koxdfzeoe5ElzPmua7W7N28YJhF7iEKqIw==",
      "dependencies": {
        "ssr-window": "^4.0.0"
      }
    },
    "node_modules/gsap": {
      "version": "3.11.3",
      "resolved": "https://registry.npmjs.org/gsap/-/gsap-3.11.3.tgz",
      "integrity": "sha512-xc/iIJy+LWiMbRa4IdMtdnnKa/7PXEK6NNzV71gdOYUVeTZN7UWnLU0fB7Hi1iwiz4ZZoYkBZPPYGg+2+zzFHA=="
    },
    "node_modules/ssr-window": {
      "version": "4.0.2",
      "resolved": "https://registry.npmjs.org/ssr-window/-/ssr-window-4.0.2.tgz",
      "integrity": "sha512-ISv/Ch+ig7SOtw7G2+qkwfVASzazUnvlDTwypdLoPoySv+6MqlOV10VwPSE6EWkGjhW50lUmghPmpYZXMu/+AQ=="
    },
    "node_modules/swiper": {
      "version": "8.4.3",
      "resolved": "https://registry.npmjs.org/swiper/-/swiper-8.4.3.tgz",
      "integrity": "sha512-+Ne/3rSZ1t28r//Upg8AdLgXJ+/nTw79GZFl6RQb2TckfnX6JTQZWWiNTT3uqP9Cyixb+OhT9fRBqAWnjM444A==",
      "funding": [
        {
          "type": "patreon",
          "url": "https://www.patreon.com/swiperjs"
        },
        {
          "type": "open_collective",
          "url": "http://opencollective.com/swiper"
        }
      ],
      "hasInstallScript": true,
      "dependencies": {
        "dom7": "^4.0.4",
        "ssr-window": "^4.0.2"
      },
      "engines": {
        "node": ">= 4.7.0"
      }
    },
    "node_modules/tiny-emitter": {
      "version": "2.1.0",
      "resolved": "https://registry.npmjs.org/tiny-emitter/-/tiny-emitter-2.1.0.tgz",
      "integrity": "sha512-NB6Dk1A9xgQPMoGqC5CVXn123gWyte215ONT5Pp5a0yt4nlEoO1ZWeCwpncaekPHXO60i47ihFnZPiRPjRMq4Q=="
    }
  },
  "dependencies": {
    "@dogstudio/highway": {
      "version": "2.2.1",
      "resolved": "https://registry.npmjs.org/@dogstudio/highway/-/highway-2.2.1.tgz",
      "integrity": "sha512-/03I5fib34y22VGjYFy2y1U0LHPlodH/Ua+YHil6CRf1tcD8uCIHvSH2s2B9rc2I9hjEPTC9I3VfYBIYKiXLAg==",
      "requires": {
        "tiny-emitter": "^2.1.0"
      }
    },
    "dom7": {
      "version": "4.0.4",
      "resolved": "https://registry.npmjs.org/dom7/-/dom7-4.0.4.tgz",
      "integrity": "sha512-DSSgBzQ4rJWQp1u6o+3FVwMNnT5bzQbMb+o31TjYYeRi05uAcpF8koxdfzeoe5ElzPmua7W7N28YJhF7iEKqIw==",
      "requires": {
        "ssr-window": "^4.0.0"
      }
    },
    "gsap": {
      "version": "3.11.3",
      "resolved": "https://registry.npmjs.org/gsap/-/gsap-3.11.3.tgz",
      "integrity": "sha512-xc/iIJy+LWiMbRa4IdMtdnnKa/7PXEK6NNzV71gdOYUVeTZN7UWnLU0fB7Hi1iwiz4ZZoYkBZPPYGg+2+zzFHA=="
    },
    "ssr-window": {
      "version": "4.0.2",
      "resolved": "https://registry.npmjs.org/ssr-window/-/ssr-window-4.0.2.tgz",
      "integrity": "sha512-ISv/Ch+ig7SOtw7G2+qkwfVASzazUnvlDTwypdLoPoySv+6MqlOV10VwPSE6EWkGjhW50lUmghPmpYZXMu/+AQ=="
    },
    "swiper": {
      "version": "8.4.3",
      "resolved": "https://registry.npmjs.org/swiper/-/swiper-8.4.3.tgz",
      "integrity": "sha512-+Ne/3rSZ1t28r//Upg8AdLgXJ+/nTw79GZFl6RQb2TckfnX6JTQZWWiNTT3uqP9Cyixb+OhT9fRBqAWnjM444A==",
      "requires": {
        "dom7": "^4.0.4",
        "ssr-window": "^4.0.2"
      }
    },
    "tiny-emitter": {
      "version": "2.1.0",
      "resolved": "https://registry.npmjs.org/tiny-emitter/-/tiny-emitter-2.1.0.tgz",
      "integrity": "sha512-NB6Dk1A9xgQPMoGqC5CVXn123gWyte215ONT5Pp5a0yt4nlEoO1ZWeCwpncaekPHXO60i47ihFnZPiRPjRMq4Q=="
    }
  }
}
